
Microsoft Visual Studio Solution File, Format Version 12.00
# Visual Studio 15
VisualStudioVersion = 15.0.28010.2041
MinimumVisualStudioVersion = 10.0.40219.1
Project("{FAE04EC0-301F-11D3-BF4B-00C04F79EFBC}") = "Task2", "Task2\Task2.csproj", "{EEA343E4-E20A-40EB-A954-BE0DFD271497}"
EndProject
Global
	GlobalSection(SolutionConfigurationPlatforms) = preSolution
		Debug|Any CPU = Debug|Any CPU
		Release|Any CPU = Release|Any CPU
	EndGlobalSection
	GlobalSection(ProjectConfigurationPlatforms) = postSolution
		{EEA343E4-E20A-40EB-A954-BE0DFD271497}.Debug|Any CPU.ActiveCfg = Debug|Any CPU
		{EEA343E4-E20A-40EB-A954-BE0DFD271497}.Debug|Any CPU.Build.0 = Debug|Any CPU
		{EEA343E4-E20A-40EB-A954-BE0DFD271497}.Release|Any CPU.ActiveCfg = Release|Any CPU
		{EEA343E4-E20A-40EB-A954-BE0DFD271497}.Release|Any CPU.Build.0 = Release|Any CPU
	EndGlobalSection
	GlobalSection(SolutionProperties) = preSolution
		HideSolutionNode = FALSE
	EndGlobalSection
	GlobalSection(ExtensibilityGlobals) = postSolution
		SolutionGuid = {81800756-C433-4D68-A6F5-90B13805F09A}
	EndGlobalSection
EndGlobal
